
Microsoft Visual Studio Solution File, Format Version 12.00
# Visual Studio 15
VisualStudioVersion = 15.0.26124.0
MinimumVisualStudioVersion = 15.0.26124.0
Project("{2150E333-8FDC-42A3-9474-1A3956D46DE8}") = "src", "src", "{CA97C16C-08C9-4E50-94FD-43FD97E10A11}"
EndProject
Project("{FAE04EC0-301F-11D3-BF4B-00C04F79EFBC}") = "App.Domain", "src\App.Domain\App.Domain.csproj", "{A1013BFC-9CD4-412B-A1DE-00622142A81A}"
EndProject
Project("{FAE04EC0-301F-11D3-BF4B-00C04F79EFBC}") = "App.Application", "src\App.Application\App.Application.csproj", "{91861A6C-BE4A-48D0-94A6-E87C029A14E2}"
EndProject
Project("{FAE04EC0-301F-11D3-BF4B-00C04F79EFBC}") = "App.Infrastructure", "src\App.Infrastructure\App.Infrastructure.csproj", "{67FFD2C9-6BB4-4533-AF94-BE73A8239D51}"
EndProject
Project("{FAE04EC0-301F-11D3-BF4B-00C04F79EFBC}") = "App.API", "src\App.API\App.API.csproj", "{08985B7E-01C0-4787-9B17-889260F9F591}"
EndProject
Project("{2150E333-8FDC-42A3-9474-1A3956D46DE8}") = "tests", "tests", "{DEAAC8AC-AE47-4D8B-8A1C-BE3B6BBCF0FB}"
EndProject
Project("{FAE04EC0-301F-11D3-BF4B-00C04F79EFBC}") = "Domain.UnitTests", "tests\Domain.UnitTests\Domain.UnitTests.csproj", "{60D432A3-0C27-43CB-BC44-CE5E0C93E379}"
EndProject
Project("{FAE04EC0-301F-11D3-BF4B-00C04F79EFBC}") = "Application.UnitTests", "tests\Application.UnitTests\Application.UnitTests.csproj", "{5DEFFCD6-48CD-47F6-BEC5-300EAD53BF51}"
EndProject
Project("{FAE04EC0-301F-11D3-BF4B-00C04F79EFBC}") = "Application.IntegrationTests", "tests\Application.IntegrationTests\Application.IntegrationTests.csproj", "{D389D9DA-01CB-4B69-88E3-F09C86C55A38}"
EndProject
Global
	GlobalSection(SolutionConfigurationPlatforms) = preSolution
		Debug|Any CPU = Debug|Any CPU
		Debug|x64 = Debug|x64
		Debug|x86 = Debug|x86
		Release|Any CPU = Release|Any CPU
		Release|x64 = Release|x64
		Release|x86 = Release|x86
	EndGlobalSection
	GlobalSection(SolutionProperties) = preSolution
		HideSolutionNode = FALSE
	EndGlobalSection
	GlobalSection(ProjectConfigurationPlatforms) = postSolution
		{A1013BFC-9CD4-412B-A1DE-00622142A81A}.Debug|Any CPU.ActiveCfg = Debug|Any CPU
		{A1013BFC-9CD4-412B-A1DE-00622142A81A}.Debug|Any CPU.Build.0 = Debug|Any CPU
		{A1013BFC-9CD4-412B-A1DE-00622142A81A}.Debug|x64.ActiveCfg = Debug|Any CPU
		{A1013BFC-9CD4-412B-A1DE-00622142A81A}.Debug|x64.Build.0 = Debug|Any CPU
		{A1013BFC-9CD4-412B-A1DE-00622142A81A}.Debug|x86.ActiveCfg = Debug|Any CPU
		{A1013BFC-9CD4-412B-A1DE-00622142A81A}.Debug|x86.Build.0 = Debug|Any CPU
		{A1013BFC-9CD4-412B-A1DE-00622142A81A}.Release|Any CPU.ActiveCfg = Release|Any CPU
		{A1013BFC-9CD4-412B-A1DE-00622142A81A}.Release|Any CPU.Build.0 = Release|Any CPU
		{A1013BFC-9CD4-412B-A1DE-00622142A81A}.Release|x64.ActiveCfg = Release|Any CPU
		{A1013BFC-9CD4-412B-A1DE-00622142A81A}.Release|x64.Build.0 = Release|Any CPU
		{A1013BFC-9CD4-412B-A1DE-00622142A81A}.Release|x86.ActiveCfg = Release|Any CPU
		{A1013BFC-9CD4-412B-A1DE-00622142A81A}.Release|x86.Build.0 = Release|Any CPU
		{91861A6C-BE4A-48D0-94A6-E87C029A14E2}.Debug|Any CPU.ActiveCfg = Debug|Any CPU
		{91861A6C-BE4A-48D0-94A6-E87C029A14E2}.Debug|Any CPU.Build.0 = Debug|Any CPU
		{91861A6C-BE4A-48D0-94A6-E87C029A14E2}.Debug|x64.ActiveCfg = Debug|Any CPU
		{91861A6C-BE4A-48D0-94A6-E87C029A14E2}.Debug|x64.Build.0 = Debug|Any CPU
		{91861A6C-BE4A-48D0-94A6-E87C029A14E2}.Debug|x86.ActiveCfg = Debug|Any CPU
		{91861A6C-BE4A-48D0-94A6-E87C029A14E2}.Debug|x86.Build.0 = Debug|Any CPU
		{91861A6C-BE4A-48D0-94A6-E87C029A14E2}.Release|Any CPU.ActiveCfg = Release|Any CPU
		{91861A6C-BE4A-48D0-94A6-E87C029A14E2}.Release|Any CPU.Build.0 = Release|Any CPU
		{91861A6C-BE4A-48D0-94A6-E87C029A14E2}.Release|x64.ActiveCfg = Release|Any CPU
		{91861A6C-BE4A-48D0-94A6-E87C029A14E2}.Release|x64.Build.0 = Release|Any CPU
		{91861A6C-BE4A-48D0-94A6-E87C029A14E2}.Release|x86.ActiveCfg = Release|Any CPU
		{91861A6C-BE4A-48D0-94A6-E87C029A14E2}.Release|x86.Build.0 = Release|Any CPU
		{67FFD2C9-6BB4-4533-AF94-BE73A8239D51}.Debug|Any CPU.ActiveCfg = Debug|Any CPU
		{67FFD2C9-6BB4-4533-AF94-BE73A8239D51}.Debug|Any CPU.Build.0 = Debug|Any CPU
		{67FFD2C9-6BB4-4533-AF94-BE73A8239D51}.Debug|x64.ActiveCfg = Debug|Any CPU
		{67FFD2C9-6BB4-4533-AF94-BE73A8239D51}.Debug|x64.Build.0 = Debug|Any CPU
		{67FFD2C9-6BB4-4533-AF94-BE73A8239D51}.Debug|x86.ActiveCfg = Debug|Any CPU
		{67FFD2C9-6BB4-4533-AF94-BE73A8239D51}.Debug|x86.Build.0 = Debug|Any CPU
		{67FFD2C9-6BB4-4533-AF94-BE73A8239D51}.Release|Any CPU.ActiveCfg = Release|Any CPU
		{67FFD2C9-6BB4-4533-AF94-BE73A8239D51}.Release|Any CPU.Build.0 = Release|Any CPU
		{67FFD2C9-6BB4-4533-AF94-BE73A8239D51}.Release|x64.ActiveCfg = Release|Any CPU
		{67FFD2C9-6BB4-4533-AF94-BE73A8239D51}.Release|x64.Build.0 = Release|Any CPU
		{67FFD2C9-6BB4-4533-AF94-BE73A8239D51}.Release|x86.ActiveCfg = Release|Any CPU
		{67FFD2C9-6BB4-4533-AF94-BE73A8239D51}.Release|x86.Build.0 = Release|Any CPU
		{08985B7E-01C0-4787-9B17-889260F9F591}.Debug|Any CPU.ActiveCfg = Debug|Any CPU
		{08985B7E-01C0-4787-9B17-889260F9F591}.Debug|Any CPU.Build.0 = Debug|Any CPU
		{08985B7E-01C0-4787-9B17-889260F9F591}.Debug|x64.ActiveCfg = Debug|Any CPU
		{08985B7E-01C0-4787-9B17-889260F9F591}.Debug|x64.Build.0 = Debug|Any CPU
		{08985B7E-01C0-4787-9B17-889260F9F591}.Debug|x86.ActiveCfg = Debug|Any CPU
		{08985B7E-01C0-4787-9B17-889260F9F591}.Debug|x86.Build.0 = Debug|Any CPU
		{08985B7E-01C0-4787-9B17-889260F9F591}.Release|Any CPU.ActiveCfg = Release|Any CPU
		{08985B7E-01C0-4787-9B17-889260F9F591}.Release|Any CPU.Build.0 = Release|Any CPU
		{08985B7E-01C0-4787-9B17-889260F9F591}.Release|x64.ActiveCfg = Release|Any CPU
		{08985B7E-01C0-4787-9B17-889260F9F591}.Release|x64.Build.0 = Release|Any CPU
		{08985B7E-01C0-4787-9B17-889260F9F591}.Release|x86.ActiveCfg = Release|Any CPU
		{08985B7E-01C0-4787-9B17-889260F9F591}.Release|x86.Build.0 = Release|Any CPU
		{60D432A3-0C27-43CB-BC44-CE5E0C93E379}.Debug|Any CPU.ActiveCfg = Debug|Any CPU
		{60D432A3-0C27-43CB-BC44-CE5E0C93E379}.Debug|Any CPU.Build.0 = Debug|Any CPU
		{60D432A3-0C27-43CB-BC44-CE5E0C93E379}.Debug|x64.ActiveCfg = Debug|Any CPU
		{60D432A3-0C27-43CB-BC44-CE5E0C93E379}.Debug|x64.Build.0 = Debug|Any CPU
		{60D432A3-0C27-43CB-BC44-CE5E0C93E379}.Debug|x86.ActiveCfg = Debug|Any CPU
		{60D432A3-0C27-43CB-BC44-CE5E0C93E379}.Debug|x86.Build.0 = Debug|Any CPU
		{60D432A3-0C27-43CB-BC44-CE5E0C93E379}.Release|Any CPU.ActiveCfg = Release|Any CPU
		{60D432A3-0C27-43CB-BC44-CE5E0C93E379}.Release|Any CPU.Build.0 = Release|Any CPU
		{60D432A3-0C27-43CB-BC44-CE5E0C93E379}.Release|x64.ActiveCfg = Release|Any CPU
		{60D432A3-0C27-43CB-BC44-CE5E0C93E379}.Release|x64.Build.0 = Release|Any CPU
		{60D432A3-0C27-43CB-BC44-CE5E0C93E379}.Release|x86.ActiveCfg = Release|Any CPU
		{60D432A3-0C27-43CB-BC44-CE5E0C93E379}.Release|x86.Build.0 = Release|Any CPU
		{5DEFFCD6-48CD-47F6-BEC5-300EAD53BF51}.Debug|Any CPU.ActiveCfg = Debug|Any CPU
		{5DEFFCD6-48CD-47F6-BEC5-300EAD53BF51}.Debug|Any CPU.Build.0 = Debug|Any CPU
		{5DEFFCD6-48CD-47F6-BEC5-300EAD53BF51}.Debug|x64.ActiveCfg = Debug|Any CPU
		{5DEFFCD6-48CD-47F6-BEC5-300EAD53BF51}.Debug|x64.Build.0 = Debug|Any CPU
		{5DEFFCD6-48CD-47F6-BEC5-300EAD53BF51}.Debug|x86.ActiveCfg = Debug|Any CPU
		{5DEFFCD6-48CD-47F6-BEC5-300EAD53BF51}.Debug|x86.Build.0 = Debug|Any CPU
		{5DEFFCD6-48CD-47F6-BEC5-300EAD53BF51}.Release|Any CPU.ActiveCfg = Release|Any CPU
		{5DEFFCD6-48CD-47F6-BEC5-300EAD53BF51}.Release|Any CPU.Build.0 = Release|Any CPU
		{5DEFFCD6-48CD-47F6-BEC5-300EAD53BF51}.Release|x64.ActiveCfg = Release|Any CPU
		{5DEFFCD6-48CD-47F6-BEC5-300EAD53BF51}.Release|x64.Build.0 = Release|Any CPU
		{5DEFFCD6-48CD-47F6-BEC5-300EAD53BF51}.Release|x86.ActiveCfg = Release|Any CPU
		{5DEFFCD6-48CD-47F6-BEC5-300EAD53BF51}.Release|x86.Build.0 = Release|Any CPU
		{D389D9DA-01CB-4B69-88E3-F09C86C55A38}.Debug|Any CPU.ActiveCfg = Debug|Any CPU
		{D389D9DA-01CB-4B69-88E3-F09C86C55A38}.Debug|Any CPU.Build.0 = Debug|Any CPU
		{D389D9DA-01CB-4B69-88E3-F09C86C55A38}.Debug|x64.ActiveCfg = Debug|Any CPU
		{D389D9DA-01CB-4B69-88E3-F09C86C55A38}.Debug|x64.Build.0 = Debug|Any CPU
		{D389D9DA-01CB-4B69-88E3-F09C86C55A38}.Debug|x86.ActiveCfg = Debug|Any CPU
		{D389D9DA-01CB-4B69-88E3-F09C86C55A38}.Debug|x86.Build.0 = Debug|Any CPU
		{D389D9DA-01CB-4B69-88E3-F09C86C55A38}.Release|Any CPU.ActiveCfg = Release|Any CPU
		{D389D9DA-01CB-4B69-88E3-F09C86C55A38}.Release|Any CPU.Build.0 = Release|Any CPU
		{D389D9DA-01CB-4B69-88E3-F09C86C55A38}.Release|x64.ActiveCfg = Release|Any CPU
		{D389D9DA-01CB-4B69-88E3-F09C86C55A38}.Release|x64.Build.0 = Release|Any CPU
		{D389D9DA-01CB-4B69-88E3-F09C86C55A38}.Release|x86.ActiveCfg = Release|Any CPU
		{D389D9DA-01CB-4B69-88E3-F09C86C55A38}.Release|x86.Build.0 = Release|Any CPU
	EndGlobalSection
	GlobalSection(NestedProjects) = preSolution
		{A1013BFC-9CD4-412B-A1DE-00622142A81A} = {CA97C16C-08C9-4E50-94FD-43FD97E10A11}
		{91861A6C-BE4A-48D0-94A6-E87C029A14E2} = {CA97C16C-08C9-4E50-94FD-43FD97E10A11}
		{67FFD2C9-6BB4-4533-AF94-BE73A8239D51} = {CA97C16C-08C9-4E50-94FD-43FD97E10A11}
		{08985B7E-01C0-4787-9B17-889260F9F591} = {CA97C16C-08C9-4E50-94FD-43FD97E10A11}
		{60D432A3-0C27-43CB-BC44-CE5E0C93E379} = {DEAAC8AC-AE47-4D8B-8A1C-BE3B6BBCF0FB}
		{5DEFFCD6-48CD-47F6-BEC5-300EAD53BF51} = {DEAAC8AC-AE47-4D8B-8A1C-BE3B6BBCF0FB}
		{D389D9DA-01CB-4B69-88E3-F09C86C55A38} = {DEAAC8AC-AE47-4D8B-8A1C-BE3B6BBCF0FB}
	EndGlobalSection
EndGlobal
